Microsoft Visual Studio Solution File, Format Version 12.00
# Visual Studio Version 17
VisualStudioVersion = 17.5.2.0
MinimumVisualStudioVersion = 10.0.40219.1
Project("{FAE04EC0-301F-11D3-BF4B-00C04F79EFBC}") = "LoanApplicationApi", "LoanApplicationApi.csproj", "{AE29640D-303F-2C7E-7E0A-70DAF406BF76}"
EndProject
Global
	GlobalSection(SolutionConfigurationPlatforms) = preSolution
		Debug|Any CPU = Debug|Any CPU
		Release|Any CPU = Release|Any CPU
	EndGlobalSection
	GlobalSection(ProjectConfigurationPlatforms) = postSolution
		{AE29640D-303F-2C7E-7E0A-70DAF406BF76}.Debug|Any CPU.ActiveCfg = Debug|Any CPU
		{AE29640D-303F-2C7E-7E0A-70DAF406BF76}.Debug|Any CPU.Build.0 = Debug|Any CPU
		{AE29640D-303F-2C7E-7E0A-70DAF406BF76}.Release|Any CPU.ActiveCfg = Release|Any CPU
		{AE29640D-303F-2C7E-7E0A-70DAF406BF76}.Release|Any CPU.Build.0 = Release|Any CPU
	EndGlobalSection
	GlobalSection(SolutionProperties) = preSolution
		HideSolutionNode = FALSE
	EndGlobalSection
	GlobalSection(ExtensibilityGlobals) = postSolution
		SolutionGuid = {1390A427-CDBB-4B9C-ACB7-151E059169EB}
	EndGlobalSection
EndGlobal
